
Microsoft Visual Studio Solution File, Format Version 12.00
# Visual Studio Version 17
VisualStudioVersion = 17.12.35527.113 d17.12
MinimumVisualStudioVersion = 10.0.40219.1
Project("{2150E333-8FDC-42A3-9474-1A3956D46DE8}") = "1- Application", "1- Application", "{063AABEF-02B0-4D95-864D-DA71E78A4437}"
EndProject
Project("{2150E333-8FDC-42A3-9474-1A3956D46DE8}") = "2- Domain", "2- Domain", "{29511FB5-5278-41E7-A19C-BC36C0C64400}"
EndProject
Project("{2150E333-8FDC-42A3-9474-1A3956D46DE8}") = "3- Service", "3- Service", "{8E4DFCD4-6D56-4FEE-837D-5E4380EF447B}"
EndProject
Project("{2150E333-8FDC-42A3-9474-1A3956D46DE8}") = "4- Infra", "4- Infra", "{95C89AE8-28CA-4289-A5E8-1E08A7B660B2}"
EndProject
Project("{FAE04EC0-301F-11D3-BF4B-00C04F79EFBC}") = "LogsAPI", "LogsAPI\LogsAPI.csproj", "{B5DD9C3F-485A-4E35-B0D4-04E6316CC709}"
EndProject
Project("{FAE04EC0-301F-11D3-BF4B-00C04F79EFBC}") = "LogsDomain", "LogsDomain\LogsDomain.csproj", "{DECC48F9-FA4F-4F7D-9946-C901B7C8E3FA}"
EndProject
Project("{FAE04EC0-301F-11D3-BF4B-00C04F79EFBC}") = "LogsService", "LogsService\LogsService.csproj", "{40CD88BB-5093-468D-B3EC-7A154A170DC9}"
EndProject
Project("{2150E333-8FDC-42A3-9474-1A3956D46DE8}") = "4.1- Data", "4.1- Data", "{42704D14-E6D9-4D76-B5F8-96503BFC51CF}"
EndProject
Project("{2150E333-8FDC-42A3-9474-1A3956D46DE8}") = "4.2- CrossCutting", "4.2- CrossCutting", "{3419E0BF-932E-499C-B598-A1BDFA0260B0}"
EndProject
Project("{FAE04EC0-301F-11D3-BF4B-00C04F79EFBC}") = "LogsInfraData", "LogsInfraData\LogsInfraData.csproj", "{2789577C-B7BD-45AC-9CBE-91CFE3DB05AA}"
EndProject
Project("{FAE04EC0-301F-11D3-BF4B-00C04F79EFBC}") = "LogsInfraCrossCutting", "LogsInfraCrossCutting\LogsInfraCrossCutting.csproj", "{62DF4C34-3AE7-42D2-AF4F-30220A405643}"
EndProject
Global
	GlobalSection(SolutionConfigurationPlatforms) = preSolution
		Debug|Any CPU = Debug|Any CPU
		Release|Any CPU = Release|Any CPU
	EndGlobalSection
	GlobalSection(ProjectConfigurationPlatforms) = postSolution
		{B5DD9C3F-485A-4E35-B0D4-04E6316CC709}.Debug|Any CPU.ActiveCfg = Debug|Any CPU
		{B5DD9C3F-485A-4E35-B0D4-04E6316CC709}.Debug|Any CPU.Build.0 = Debug|Any CPU
		{B5DD9C3F-485A-4E35-B0D4-04E6316CC709}.Release|Any CPU.ActiveCfg = Release|Any CPU
		{B5DD9C3F-485A-4E35-B0D4-04E6316CC709}.Release|Any CPU.Build.0 = Release|Any CPU
		{DECC48F9-FA4F-4F7D-9946-C901B7C8E3FA}.Debug|Any CPU.ActiveCfg = Debug|Any CPU
		{DECC48F9-FA4F-4F7D-9946-C901B7C8E3FA}.Debug|Any CPU.Build.0 = Debug|Any CPU
		{DECC48F9-FA4F-4F7D-9946-C901B7C8E3FA}.Release|Any CPU.ActiveCfg = Release|Any CPU
		{DECC48F9-FA4F-4F7D-9946-C901B7C8E3FA}.Release|Any CPU.Build.0 = Release|Any CPU
		{40CD88BB-5093-468D-B3EC-7A154A170DC9}.Debug|Any CPU.ActiveCfg = Debug|Any CPU
		{40CD88BB-5093-468D-B3EC-7A154A170DC9}.Debug|Any CPU.Build.0 = Debug|Any CPU
		{40CD88BB-5093-468D-B3EC-7A154A170DC9}.Release|Any CPU.ActiveCfg = Release|Any CPU
		{40CD88BB-5093-468D-B3EC-7A154A170DC9}.Release|Any CPU.Build.0 = Release|Any CPU
		{2789577C-B7BD-45AC-9CBE-91CFE3DB05AA}.Debug|Any CPU.ActiveCfg = Debug|Any CPU
		{2789577C-B7BD-45AC-9CBE-91CFE3DB05AA}.Debug|Any CPU.Build.0 = Debug|Any CPU
		{2789577C-B7BD-45AC-9CBE-91CFE3DB05AA}.Release|Any CPU.ActiveCfg = Release|Any CPU
		{2789577C-B7BD-45AC-9CBE-91CFE3DB05AA}.Release|Any CPU.Build.0 = Release|Any CPU
		{62DF4C34-3AE7-42D2-AF4F-30220A405643}.Debug|Any CPU.ActiveCfg = Debug|Any CPU
		{62DF4C34-3AE7-42D2-AF4F-30220A405643}.Debug|Any CPU.Build.0 = Debug|Any CPU
		{62DF4C34-3AE7-42D2-AF4F-30220A405643}.Release|Any CPU.ActiveCfg = Release|Any CPU
		{62DF4C34-3AE7-42D2-AF4F-30220A405643}.Release|Any CPU.Build.0 = Release|Any CPU
	EndGlobalSection
	GlobalSection(SolutionProperties) = preSolution
		HideSolutionNode = FALSE
	EndGlobalSection
	GlobalSection(NestedProjects) = preSolution
		{B5DD9C3F-485A-4E35-B0D4-04E6316CC709} = {063AABEF-02B0-4D95-864D-DA71E78A4437}
		{DECC48F9-FA4F-4F7D-9946-C901B7C8E3FA} = {29511FB5-5278-41E7-A19C-BC36C0C64400}
		{40CD88BB-5093-468D-B3EC-7A154A170DC9} = {8E4DFCD4-6D56-4FEE-837D-5E4380EF447B}
		{42704D14-E6D9-4D76-B5F8-96503BFC51CF} = {95C89AE8-28CA-4289-A5E8-1E08A7B660B2}
		{3419E0BF-932E-499C-B598-A1BDFA0260B0} = {95C89AE8-28CA-4289-A5E8-1E08A7B660B2}
		{2789577C-B7BD-45AC-9CBE-91CFE3DB05AA} = {42704D14-E6D9-4D76-B5F8-96503BFC51CF}
		{62DF4C34-3AE7-42D2-AF4F-30220A405643} = {3419E0BF-932E-499C-B598-A1BDFA0260B0}
	EndGlobalSection
EndGlobal
